// !$*UTF8*$!
{
	archiveVersion = 1;
	classes = {
	};
	objectVersion = 46;
	objects = {

/* Begin PBXBuildFile section */
		BD01572E1D34759500A86381 /* main.m in Sources */ = {isa = PBXBuildFile; fileRef = BD01572D1D34759500A86381 /* main.m */; };
		BD0157311D34759500A86381 /* AppDelegate.m in Sources */ = {isa = PBXBuildFile; fileRef = BD0157301D34759500A86381 /* AppDelegate.m */; };
		BD0157341D34759500A86381 /* ViewController.m in Sources */ = {isa = PBXBuildFile; fileRef = BD0157331D34759500A86381 /* ViewController.m */; };
		BD0157371D34759500A86381 /* Main.storyboard in Resources */ = {isa = PBXBuildFile; fileRef = BD0157351D34759500A86381 /* Main.storyboard */; };
		BD0157391D34759500A86381 /* Assets.xcassets in Resources */ = {isa = PBXBuildFile; fileRef = BD0157381D34759500A86381 /* Assets.xcassets */; };
		BD01573C1D34759500A86381 /* LaunchScreen.storyboard in Resources */ = {isa = PBXBuildFile; fileRef = BD01573A1D34759500A86381 /* LaunchScreen.storyboard */; };
		BD0157461D3475E300A86381 /* DKGesturePasswordView.m in Sources */ = {isa = PBXBuildFile; fileRef = BD0157451D3475E300A86381 /* DKGesturePasswordView.m */; };
		BD3186F91D3DC0D8001E2811 /* Resources.bundle in Resources */ = {isa = PBXBuildFile; fileRef = BD3186F81D3DC0D8001E2811 /* Resources.bundle */; };
/* End PBXBuildFile section */

/* Begin PBXFileReference section */
		BD0157291D34759500A86381 /* DKGesturePassword.app */ = {isa = PBXFileReference; explicitFileType = wrapper.application; includeInIndex = 0; path = DKGesturePassword.app; sourceTree = BUILT_PRODUCTS_DIR; };
		BD01572D1D34759500A86381 /* main.m */ = {isa = PBXFileReference; lastKnownFileType = sourcecode.c.objc; path = main.m; sourceTree = "<group>"; };
		BD01572F1D34759500A86381 /* AppDelegate.h */ = {isa = PBXFileReference; lastKnownFileType = sourcecode.c.h; path = AppDelegate.h; sourceTree = "<group>"; };
		BD0157301D34759500A86381 /* AppDelegate.m */ = {isa = PBXFileReference; lastKnownFileType = sourcecode.c.objc; path = AppDelegate.m; sourceTree = "<group>"; };
		BD0157321D34759500A86381 /* ViewController.h */ = {isa = PBXFileReference; lastKnownFileType = sourcecode.c.h; path = ViewController.h; sourceTree = "<group>"; };
		BD0157331D34759500A86381 /* ViewController.m */ = {isa = PBXFileReference; lastKnownFileType = sourcecode.c.objc; path = ViewController.m; sourceTree = "<group>"; };
		BD0157361D34759500A86381 /* Base */ = {isa = PBXFileReference; lastKnownFileType = file.storyboard; name = Base; path = Base.lproj/Main.storyboard; sourceTree = "<group>"; };
		BD0157381D34759500A86381 /* Assets.xcassets */ = {isa = PBXFileReference; lastKnownFileType = folder.assetcatalog; path = Assets.xcassets; sourceTree = "<group>"; };
		BD01573B1D34759500A86381 /* Base */ = {isa = PBXFileReference; lastKnownFileType = file.storyboard; name = Base; path = Base.lproj/LaunchScreen.storyboard; sourceTree = "<group>"; };
		BD01573D1D34759500A86381 /* Info.plist */ = {isa = PBXFileReference; lastKnownFileType = text.plist.xml; path = Info.plist; sourceTree = "<group>"; };
		BD0157441D3475E300A86381 /* DKGesturePasswordView.h */ = {isa = PBXFileReference; fileEncoding = 4; lastKnownFileType = sourcecode.c.h; path = DKGesturePasswordView.h; sourceTree = "<group>"; };
		BD0157451D3475E300A86381 /* DKGesturePasswordView.m */ = {isa = PBXFileReference; fileEncoding = 4; lastKnownFileType = sourcecode.c.objc; path = DKGesturePasswordView.m; sourceTree = "<group>"; };
		BD3186F81D3DC0D8001E2811 /* Resources.bundle */ = {isa = PBXFileReference; lastKnownFileType = "wrapper.plug-in"; path = Resources.bundle; sourceTree = "<group>"; };
/* End PBXFileReference section */

/* Begin PBXFrameworksBuildPhase section */
		BD0157261D34759500A86381 /* Frameworks */ = {
			isa = PBXFrameworksBuildPhase;
			buildActionMask = 2147483647;
			files = (
			);
			runOnlyForDeploymentPostprocessing = 0;
		};
/* End PBXFrameworksBuildPhase section */

/* Begin PBXGroup section */
		BD0157201D34759500A86381 = {
			isa = PBXGroup;
			children = (
				BD01572B1D34759500A86381 /* DKGesturePassword */,
				BD01572A1D34759500A86381 /* Products */,
			);
			sourceTree = "<group>";
		};
		BD01572A1D34759500A86381 /* Products */ = {
			isa = PBXGroup;
			children = (
				BD0157291D34759500A86381 /* DKGesturePassword.app */,
			);
			name = Products;
			sourceTree = "<group>";
		};
		BD01572B1D34759500A86381 /* DKGesturePassword */ = {
			isa = PBXGroup;
			children = (
				BD0157431D3475CD00A86381 /* DKGesturePasswordView */,
				BD01572F1D34759500A86381 /* AppDelegate.h */,
				BD0157301D34759500A86381 /* AppDelegate.m */,
				BD0157321D34759500A86381 /* ViewController.h */,
				BD0157331D34759500A86381 /* ViewController.m */,
				BD0157351D34759500A86381 /* Main.storyboard */,
				BD0157381D34759500A86381 /* Assets.xcassets */,
				BD01573A1D34759500A86381 /* LaunchScreen.storyboard */,
				BD01573D1D34759500A86381 /* Info.plist */,
				BD01572C1D34759500A86381 /* Supporting Files */,
			);
			path = DKGesturePassword;
			sourceTree = "<group>";
		};
		BD01572C1D34759500A86381 /* Supporting Files */ = {
			isa = PBXGroup;
			children = (
				BD01572D1D34759500A86381 /* main.m */,
			);
			name = "Supporting Files";
			sourceTree = "<group>";
		};
		BD0157431D3475CD00A86381 /* DKGesturePasswordView */ = {
			isa = PBXGroup;
			children = (
				BD3186F81D3DC0D8001E2811 /* Resources.bundle */,
				BD0157441D3475E300A86381 /* DKGesturePasswordView.h */,
				BD0157451D3475E300A86381 /* DKGesturePasswordView.m */,
			);
			path = DKGesturePasswordView;
			sourceTree = "<group>";
		};
/* End PBXGroup section */

/* Begin PBXNativeTarget section */
		BD0157281D34759500A86381 /* DKGesturePassword */ = {
			isa = PBXNativeTarget;
			buildConfigurationList = BD0157401D34759600A86381 /* Build configuration list for PBXNativeTarget "DKGesturePassword" */;
			buildPhases = (
				BD0157251D34759500A86381 /* Sources */,
				BD0157261D34759500A86381 /* Frameworks */,
				BD0157271D34759500A86381 /* Resources */,
			);
			buildRules = (
			);
			dependencies = (
			);
			name = DKGesturePassword;
			productName = DKGesturePassword;
			productReference = BD0157291D34759500A86381 /* DKGesturePassword.app */;
			productType = "com.apple.product-type.application";
		};
/* End PBXNativeTarget section */

/* Begin PBXProject section */
		BD0157211D34759500A86381 /* Project object */ = {
			isa = PBXProject;
			attributes = {
				LastUpgradeCheck = 0730;
				ORGANIZATIONNAME = "dk-coder";
				TargetAttributes = {
					BD0157281D34759500A86381 = {
						CreatedOnToolsVersion = 7.3;
					};
				};
			};
			buildConfigurationList = BD0157241D34759500A86381 /* Build configuration list for PBXProject "DKGesturePassword" */;
			compatibilityVersion = "Xcode 3.2";
			developmentRegion = English;
			hasScannedForEncodings = 0;
			knownRegions = (
				en,
				Base,
			);
			mainGroup = BD0157201D34759500A86381;
			productRefGroup = BD01572A1D34759500A86381 /* Products */;
			projectDirPath = "";
			projectRoot = "";
			targets = (
				BD0157281D34759500A86381 /* DKGesturePassword */,
			);
		};
/* End PBXProject section */

/* Begin PBXResourcesBuildPhase section */
		BD0157271D34759500A86381 /* Resources */ = {
			isa = PBXResourcesBuildPhase;
			buildActionMask = 2147483647;
			files = (
				BD01573C1D34759500A86381 /* LaunchScreen.storyboard in Resources */,
				BD3186F91D3DC0D8001E2811 /* Resources.bundle in Resources */,
				BD0157391D34759500A86381 /* Assets.xcassets in Resources */,
				BD0157371D34759500A86381 /* Main.storyboard in Resources */,
			);
			runOnlyForDeploymentPostprocessing = 0;
		};
/* End PBXResourcesBuildPhase section */

/* Begin PBXSourcesBuildPhase section */
		BD0157251D34759500A86381 /* Sources */ = {
			isa = PBXSourcesBuildPhase;
			buildActionMask = 2147483647;
			files = (
				BD0157341D34759500A86381 /* ViewController.m in Sources */,
				BD0157311D34759500A86381 /* AppDelegate.m in Sources */,
				BD0157461D3475E300A86381 /* DKGesturePasswordView.m in Sources */,
				BD01572E1D34759500A86381 /* main.m in Sources */,
			);
			runOnlyForDeploymentPostprocessing = 0;
		};
/* End PBXSourcesBuildPhase section */

/* Begin PBXVariantGroup section */
		BD0157351D34759500A86381 /* Main.storyboard */ = {
			isa = PBXVariantGroup;
			children = (
				BD0157361D34759500A86381 /* Base */,
			);
			name = Main.storyboard;
			sourceTree = "<group>";
		};
		BD01573A1D34759500A86381 /* LaunchScreen.storyboard */ = {
			isa = PBXVariantGroup;
			children = (
				BD01573B1D34759500A86381 /* Base */,
			);
			name = LaunchScreen.storyboard;
			sourceTree = "<group>";
		};
/* End PBXVariantGroup section */

/* Begin XCBuildConfiguration section */
		BD01573E1D34759600A86381 /* Debug */ = {
			isa = XCBuildConfiguration;
			buildSettings = {
				ALWAYS_SEARCH_USER_PATHS = NO;
				CLANG_ANALYZER_NONNULL = YES;
				CLANG_CXX_LANGUAGE_STANDARD = "gnu++0x";
				CLANG_CXX_LIBRARY = "libc++";
				CLANG_ENABLE_MODULES = YES;
				CLANG_ENABLE_OBJC_ARC = YES;
				CLANG_WARN_BOOL_CONVERSION = YES;
				CLANG_WARN_CONSTANT_CONVERSION = YES;
				CLANG_WARN_DIRECT_OBJC_ISA_USAGE = YES_ERROR;
				CLANG_WARN_EMPTY_BODY = YES;
				CLANG_WARN_ENUM_CONVERSION = YES;
				CLANG_WARN_INT_CONVERSION = YES;
				CLANG_WARN_OBJC_ROOT_CLASS = YES_ERROR;
				CLANG_WARN_UNREACHABLE_CODE = YES;
				CLANG_WARN__DUPLICATE_METHOD_MATCH = YES;
				"CODE_SIGN_IDENTITY[sdk=iphoneos*]" = "iPhone Developer";
				COPY_PHASE_STRIP = NO;
				DEBUG_INFORMATION_FORMAT = dwarf;
				ENABLE_STRICT_OBJC_MSGSEND = YES;
				ENABLE_TESTABILITY = YES;
				GCC_C_LANGUAGE_STANDARD = gnu99;
				GCC_DYNAMIC_NO_PIC = NO;
				GCC_NO_COMMON_BLOCKS = YES;
				GCC_OPTIMIZATION_LEVEL = 0;
				GCC_PREPROCESSOR_DEFINITIONS = (
					"DEBUG=1",
					"$(inherited)",
				);
				GCC_WARN_64_TO_32_BIT_CONVERSION = YES;
				GCC_WARN_ABOUT_RETURN_TYPE = YES_ERROR;
				GCC_WARN_UNDECLARED_SELECTOR = YES;
				GCC_WARN_UNINITIALIZED_AUTOS = YES_AGGRESSIVE;
				GCC_WARN_UNUSED_FUNCTION = YES;
				GCC_WARN_UNUSED_VARIABLE = YES;
				IPHONEOS_DEPLOYMENT_TARGET = 9.3;
				MTL_ENABLE_DEBUG_INFO = YES;
				ONLY_ACTIVE_ARCH = YES;
				SDKROOT = iphoneos;
			};
			name = Debug;
		};
		BD01573F1D34759600A86381 /* Release */ = {
			isa = XCBuildConfiguration;
			buildSettings = {
				ALWAYS_SEARCH_USER_PATHS = NO;
				CLANG_ANALYZER_NONNULL = YES;
				CLANG_CXX_LANGUAGE_STANDARD = "gnu++0x";
				CLANG_CXX_LIBRARY = "libc++";
				CLANG_ENABLE_MODULES = YES;
				CLANG_ENABLE_OBJC_ARC = YES;
				CLANG_WARN_BOOL_CONVERSION = YES;
				CLANG_WARN_CONSTANT_CONVERSION = YES;
				CLANG_WARN_DIRECT_OBJC_ISA_USAGE = YES_ERROR;
				CLANG_WARN_EMPTY_BODY = YES;
				CLANG_WARN_ENUM_CONVERSION = YES;
				CLANG_WARN_INT_CONVERSION = YES;
				CLANG_WARN_OBJC_ROOT_CLASS = YES_ERROR;
				CLANG_WARN_UNREACHABLE_CODE = YES;
				CLANG_WARN__DUPLICATE_METHOD_MATCH = YES;
				"CODE_SIGN_IDENTITY[sdk=iphoneos*]" = "iPhone Developer";
				COPY_PHASE_STRIP = NO;
				DEBUG_INFORMATION_FORMAT = "dwarf-with-dsym";
				ENABLE_NS_ASSERTIONS = NO;
				ENABLE_STRICT_OBJC_MSGSEND = YES;
				GCC_C_LANGUAGE_STANDARD = gnu99;
				GCC_NO_COMMON_BLOCKS = YES;
				GCC_WARN_64_TO_32_BIT_CONVERSION = YES;
				GCC_WARN_ABOUT_RETURN_TYPE = YES_ERROR;
				GCC_WARN_UNDECLARED_SELECTOR = YES;
				GCC_WARN_UNINITIALIZED_AUTOS = YES_AGGRESSIVE;
				GCC_WARN_UNUSED_FUNCTION = YES;
				GCC_WARN_UNUSED_VARIABLE = YES;
				IPHONEOS_DEPLOYMENT_TARGET = 9.3;
				MTL_ENABLE_DEBUG_INFO = NO;
				SDKROOT = iphoneos;
				VALIDATE_PRODUCT = YES;
			};
			name = Release;
		};
		BD0157411D34759600A86381 /* Debug */ = {
			isa = XCBuildConfiguration;
			buildSettings = {
				ASSETCATALOG_COMPILER_APPICON_NAME = AppIcon;
				INFOPLIST_FILE = DKGesturePassword/Info.plist;
				IPHONEOS_DEPLOYMENT_TARGET = 7.1;
				LD_RUNPATH_SEARCH_PATHS = "$(inherited) @executable_path/Frameworks";
				PRODUCT_BUNDLE_IDENTIFIER = "com.dk-coder.DKGesturePassword";
				PRODUCT_NAME = "$(TARGET_NAME)";
			};
			name = Debug;
		};
		BD0157421D34759600A86381 /* Release */ = {
			isa = XCBuildConfiguration;
			buildSettings = {
				ASSETCATALOG_COMPILER_APPICON_NAME = AppIcon;
				INFOPLIST_FILE = DKGesturePassword/Info.plist;
				IPHONEOS_DEPLOYMENT_TARGET = 7.1;
				LD_RUNPATH_SEARCH_PATHS = "$(inherited) @executable_path/Frameworks";
				PRODUCT_BUNDLE_IDENTIFIER = "com.dk-coder.DKGesturePassword";
				PRODUCT_NAME = "$(TARGET_NAME)";
			};
			name = Release;
		};
/* End XCBuildConfiguration section */

/* Begin XCConfigurationList section */
		BD0157241D34759500A86381 /* Build configuration list for PBXProject "DKGesturePassword" */ = {
			isa = XCConfigurationList;
			buildConfigurations = (
				BD01573E1D34759600A86381 /* Debug */,
				BD01573F1D34759600A86381 /* Release */,
			);
			defaultConfigurationIsVisible = 0;
			defaultConfigurationName = Release;
		};
		BD0157401D34759600A86381 /* Build configuration list for PBXNativeTarget "DKGesturePassword" */ = {
			isa = XCConfigurationList;
			buildConfigurations = (
				BD0157411D34759600A86381 /* Debug */,
				BD0157421D34759600A86381 /* Release */,
			);
			defaultConfigurationIsVisible = 0;
			defaultConfigurationName = Release;
		};
/* End XCConfigurationList section */
	};
	rootObject = BD0157211D34759500A86381 /* Project object */;
}
